{
  "name": "codacation",
  "version": "1.0.0",
  "lockfileVersion": 1,
  "requires": true,
  "dependencies": {
    "vue": {
      "version": "2.5.3",
      "resolved": "https://registry.npmjs.org/vue/-/vue-2.5.3.tgz",
      "integrity": "sha512-C8O5ZtR9jpwm6sCre3k42/WvuAcil5hH1+c3mJks8kNCYKh57sQh6I5U7m9L0fD89OKkIofmebUORngZkLedNA=="
    },
    "vue-material": {
      "version": "0.8.1",
      "resolved": "https://registry.npmjs.org/vue-material/-/vue-material-0.8.1.tgz",
      "integrity": "sha512-r7mi6g+VuM/eUvIal4kHRqEzcnK9FIB37QX+9T6ZER66dWOPn+BPs5J1F3k50/QtSovs/qU/dRg1ZhenHU7ISQ==",
      "requires": {
        "vue": "2.5.3"
      }
    }
  }
}
